
Microsoft Visual Studio Solution File, Format Version 12.00
# Visual Studio Version 16
VisualStudioVersion = 16.0.28922.388
MinimumVisualStudioVersion = 10.0.40219.1
Project("{9A19103F-16F7-4668-BE54-9A1E7A4F7556}") = "AuraConnect", "AuraConnect\AuraConnect.csproj", "{819CF96D-A4F9-464E-80B3-D11B247CD5C7}"
EndProject
Project("{9A19103F-16F7-4668-BE54-9A1E7A4F7556}") = "AuraConnect.Core", "AuraConnect.Core\AuraConnect.Core.csproj", "{2EB22B3D-08D2-454B-8906-CE2E2F5E4C5F}"
EndProject
Project("{9A19103F-16F7-4668-BE54-9A1E7A4F7556}") = "AuraConnect.Providers.Asus", "AuraConnect.Providers.Asus\AuraConnect.Providers.Asus.csproj", "{44499320-A02B-459D-943B-3F7818CAC020}"
EndProject
Global
	GlobalSection(SolutionConfigurationPlatforms) = preSolution
		Debug|Any CPU = Debug|Any CPU
		Release|Any CPU = Release|Any CPU
	EndGlobalSection
	GlobalSection(ProjectConfigurationPlatforms) = postSolution
		{819CF96D-A4F9-464E-80B3-D11B247CD5C7}.Debug|Any CPU.ActiveCfg = Debug|Any CPU
		{819CF96D-A4F9-464E-80B3-D11B247CD5C7}.Debug|Any CPU.Build.0 = Debug|Any CPU
		{819CF96D-A4F9-464E-80B3-D11B247CD5C7}.Release|Any CPU.ActiveCfg = Release|Any CPU
		{819CF96D-A4F9-464E-80B3-D11B247CD5C7}.Release|Any CPU.Build.0 = Release|Any CPU
		{2EB22B3D-08D2-454B-8906-CE2E2F5E4C5F}.Debug|Any CPU.ActiveCfg = Debug|Any CPU
		{2EB22B3D-08D2-454B-8906-CE2E2F5E4C5F}.Debug|Any CPU.Build.0 = Debug|Any CPU
		{2EB22B3D-08D2-454B-8906-CE2E2F5E4C5F}.Release|Any CPU.ActiveCfg = Release|Any CPU
		{2EB22B3D-08D2-454B-8906-CE2E2F5E4C5F}.Release|Any CPU.Build.0 = Release|Any CPU
		{44499320-A02B-459D-943B-3F7818CAC020}.Debug|Any CPU.ActiveCfg = Debug|Any CPU
		{44499320-A02B-459D-943B-3F7818CAC020}.Debug|Any CPU.Build.0 = Debug|Any CPU
		{44499320-A02B-459D-943B-3F7818CAC020}.Release|Any CPU.ActiveCfg = Release|Any CPU
		{44499320-A02B-459D-943B-3F7818CAC020}.Release|Any CPU.Build.0 = Release|Any CPU
	EndGlobalSection
	GlobalSection(SolutionProperties) = preSolution
		HideSolutionNode = FALSE
	EndGlobalSection
	GlobalSection(ExtensibilityGlobals) = postSolution
		SolutionGuid = {297F8289-5AF1-4938-AB12-D85BD0118901}
	EndGlobalSection
EndGlobal
